
Microsoft Visual Studio Solution File, Format Version 12.00
# Visual Studio Version 16
VisualStudioVersion = 16.0.30011.22
MinimumVisualStudioVersion = 10.0.40219.1
Project("{8BC9CEB8-8B4A-11D0-8D11-00A0C91BC942}") = "PnN_3week", "PnN_3week\PnN_3week.vcxproj", "{FB587CD3-7B8A-4E8C-9B4C-722744F8B5D5}"
EndProject
Global
	GlobalSection(SolutionConfigurationPlatforms) = preSolution
		Debug|x64 = Debug|x64
		Debug|x86 = Debug|x86
		Release|x64 = Release|x64
		Release|x86 = Release|x86
	EndGlobalSection
	GlobalSection(ProjectConfigurationPlatforms) = postSolution
		{FB587CD3-7B8A-4E8C-9B4C-722744F8B5D5}.Debug|x64.ActiveCfg = Debug|x64
		{FB587CD3-7B8A-4E8C-9B4C-722744F8B5D5}.Debug|x64.Build.0 = Debug|x64
		{FB587CD3-7B8A-4E8C-9B4C-722744F8B5D5}.Debug|x86.ActiveCfg = Debug|Win32
		{FB587CD3-7B8A-4E8C-9B4C-722744F8B5D5}.Debug|x86.Build.0 = Debug|Win32
		{FB587CD3-7B8A-4E8C-9B4C-722744F8B5D5}.Release|x64.ActiveCfg = Release|x64
		{FB587CD3-7B8A-4E8C-9B4C-722744F8B5D5}.Release|x64.Build.0 = Release|x64
		{FB587CD3-7B8A-4E8C-9B4C-722744F8B5D5}.Release|x86.ActiveCfg = Release|Win32
		{FB587CD3-7B8A-4E8C-9B4C-722744F8B5D5}.Release|x86.Build.0 = Release|Win32
	EndGlobalSection
	GlobalSection(SolutionProperties) = preSolution
		HideSolutionNode = FALSE
	EndGlobalSection
	GlobalSection(ExtensibilityGlobals) = postSolution
		SolutionGuid = {04513675-7C0F-4EC9-BF72-8ECDBAAFC21A}
	EndGlobalSection
EndGlobal
